// !$*UTF8*$!
{
	archiveVersion = 1;
	classes = {
	};
	objectVersion = 52;
	objects = {

/* Begin PBXBuildFile section */
		172C7B3A25286092006A8EAA /* FileManagerExtension.swift in Sources */ = {isa = PBXBuildFile; fileRef = 172C7B3925286092006A8EAA /* FileManagerExtension.swift */; };
		177DCF8E251CCE0E00EEC9BF /* AppDelegate.swift in Sources */ = {isa = PBXBuildFile; fileRef = 177DCF8D251CCE0E00EEC9BF /* AppDelegate.swift */; };
		177DCF90251CCE0E00EEC9BF /* SceneDelegate.swift in Sources */ = {isa = PBXBuildFile; fileRef = 177DCF8F251CCE0E00EEC9BF /* SceneDelegate.swift */; };
		177DCF92251CCE0E00EEC9BF /* ContentView.swift in Sources */ = {isa = PBXBuildFile; fileRef = 177DCF91251CCE0E00EEC9BF /* ContentView.swift */; };
		177DCF94251CCE1600EEC9BF /* Assets.xcassets in Resources */ = {isa = PBXBuildFile; fileRef = 177DCF93251CCE1600EEC9BF /* Assets.xcassets */; };
		177DCF97251CCE1600EEC9BF /* Preview Assets.xcassets in Resources */ = {isa = PBXBuildFile; fileRef = 177DCF96251CCE1600EEC9BF /* Preview Assets.xcassets */; };
		177DCF9A251CCE1600EEC9BF /* LaunchScreen.storyboard in Resources */ = {isa = PBXBuildFile; fileRef = 177DCF98251CCE1600EEC9BF /* LaunchScreen.storyboard */; };
		17BA5C0B2520577300F264CB /* SamplePackage in Frameworks */ = {isa = PBXBuildFile; productRef = 17BA5C0A2520577300F264CB /* SamplePackage */; };
		17E2CB722521BEC8000DA7A0 /* ProspectsView.swift in Sources */ = {isa = PBXBuildFile; fileRef = 17E2CB712521BEC8000DA7A0 /* ProspectsView.swift */; };
		17E2CB742521BED2000DA7A0 /* MeView.swift in Sources */ = {isa = PBXBuildFile; fileRef = 17E2CB732521BED2000DA7A0 /* MeView.swift */; };
		17E2CB762521C477000DA7A0 /* Prospect.swift in Sources */ = {isa = PBXBuildFile; fileRef = 17E2CB752521C477000DA7A0 /* Prospect.swift */; };
		17FE79732522FDBB007284DA /* CodeScanner in Frameworks */ = {isa = PBXBuildFile; productRef = 17FE79722522FDBB007284DA /* CodeScanner */; };
/* End PBXBuildFile section */

/* Begin PBXFileReference section */
		172C7B3925286092006A8EAA /* FileManagerExtension.swift */ = {isa = PBXFileReference; lastKnownFileType = sourcecode.swift; path = FileManagerExtension.swift; sourceTree = "<group>"; };
		177DCF8A251CCE0E00EEC9BF /* HotProspects.app */ = {isa = PBXFileReference; explicitFileType = wrapper.application; includeInIndex = 0; path = HotProspects.app; sourceTree = BUILT_PRODUCTS_DIR; };
		177DCF8D251CCE0E00EEC9BF /* AppDelegate.swift */ = {isa = PBXFileReference; lastKnownFileType = sourcecode.swift; path = AppDelegate.swift; sourceTree = "<group>"; };
		177DCF8F251CCE0E00EEC9BF /* SceneDelegate.swift */ = {isa = PBXFileReference; lastKnownFileType = sourcecode.swift; path = SceneDelegate.swift; sourceTree = "<group>"; };
		177DCF91251CCE0E00EEC9BF /* ContentView.swift */ = {isa = PBXFileReference; lastKnownFileType = sourcecode.swift; path = ContentView.swift; sourceTree = "<group>"; };
		177DCF93251CCE1600EEC9BF /* Assets.xcassets */ = {isa = PBXFileReference; lastKnownFileType = folder.assetcatalog; path = Assets.xcassets; sourceTree = "<group>"; };
		177DCF96251CCE1600EEC9BF /* Preview Assets.xcassets */ = {isa = PBXFileReference; lastKnownFileType = folder.assetcatalog; path = "Preview Assets.xcassets"; sourceTree = "<group>"; };
		177DCF99251CCE1600EEC9BF /* Base */ = {isa = PBXFileReference; lastKnownFileType = file.storyboard; name = Base; path = Base.lproj/LaunchScreen.storyboard; sourceTree = "<group>"; };
		177DCF9B251CCE1600EEC9BF /* Info.plist */ = {isa = PBXFileReference; lastKnownFileType = text.plist.xml; path = Info.plist; sourceTree = "<group>"; };
		17E2CB712521BEC8000DA7A0 /* ProspectsView.swift */ = {isa = PBXFileReference; lastKnownFileType = sourcecode.swift; path = ProspectsView.swift; sourceTree = "<group>"; };
		17E2CB732521BED2000DA7A0 /* MeView.swift */ = {isa = PBXFileReference; lastKnownFileType = sourcecode.swift; path = MeView.swift; sourceTree = "<group>"; };
		17E2CB752521C477000DA7A0 /* Prospect.swift */ = {isa = PBXFileReference; lastKnownFileType = sourcecode.swift; path = Prospect.swift; sourceTree = "<group>"; };
/* End PBXFileReference section */

/* Begin PBXFrameworksBuildPhase section */
		177DCF87251CCE0E00EEC9BF /* Frameworks */ = {
			isa = PBXFrameworksBuildPhase;
			buildActionMask = 2147483647;
			files = (
				17FE79732522FDBB007284DA /* CodeScanner in Frameworks */,
				17BA5C0B2520577300F264CB /* SamplePackage in Frameworks */,
			);
			runOnlyForDeploymentPostprocessing = 0;
		};
/* End PBXFrameworksBuildPhase section */

/* Begin PBXGroup section */
		177DCF81251CCE0E00EEC9BF = {
			isa = PBXGroup;
			children = (
				177DCF8C251CCE0E00EEC9BF /* HotProspects */,
				177DCF8B251CCE0E00EEC9BF /* Products */,
			);
			sourceTree = "<group>";
		};
		177DCF8B251CCE0E00EEC9BF /* Products */ = {
			isa = PBXGroup;
			children = (
				177DCF8A251CCE0E00EEC9BF /* HotProspects.app */,
			);
			name = Products;
			sourceTree = "<group>";
		};
		177DCF8C251CCE0E00EEC9BF /* HotProspects */ = {
			isa = PBXGroup;
			children = (
				177DCF8D251CCE0E00EEC9BF /* AppDelegate.swift */,
				177DCF8F251CCE0E00EEC9BF /* SceneDelegate.swift */,
				177DCF91251CCE0E00EEC9BF /* ContentView.swift */,
				17E2CB712521BEC8000DA7A0 /* ProspectsView.swift */,
				172C7B3925286092006A8EAA /* FileManagerExtension.swift */,
				17E2CB752521C477000DA7A0 /* Prospect.swift */,
				17E2CB732521BED2000DA7A0 /* MeView.swift */,
				177DCF93251CCE1600EEC9BF /* Assets.xcassets */,
				177DCF98251CCE1600EEC9BF /* LaunchScreen.storyboard */,
				177DCF9B251CCE1600EEC9BF /* Info.plist */,
				177DCF95251CCE1600EEC9BF /* Preview Content */,
			);
			path = HotProspects;
			sourceTree = "<group>";
		};
		177DCF95251CCE1600EEC9BF /* Preview Content */ = {
			isa = PBXGroup;
			children = (
				177DCF96251CCE1600EEC9BF /* Preview Assets.xcassets */,
			);
			path = "Preview Content";
			sourceTree = "<group>";
		};
/* End PBXGroup section */

/* Begin PBXNativeTarget section */
		177DCF89251CCE0E00EEC9BF /* HotProspects */ = {
			isa = PBXNativeTarget;
			buildConfigurationList = 177DCF9E251CCE1600EEC9BF /* Build configuration list for PBXNativeTarget "HotProspects" */;
			buildPhases = (
				177DCF86251CCE0E00EEC9BF /* Sources */,
				177DCF87251CCE0E00EEC9BF /* Frameworks */,
				177DCF88251CCE0E00EEC9BF /* Resources */,
			);
			buildRules = (
			);
			dependencies = (
			);
			name = HotProspects;
			packageProductDependencies = (
				17BA5C0A2520577300F264CB /* SamplePackage */,
				17FE79722522FDBB007284DA /* CodeScanner */,
			);
			productName = HotProspects;
			productReference = 177DCF8A251CCE0E00EEC9BF /* HotProspects.app */;
			productType = "com.apple.product-type.application";
		};
/* End PBXNativeTarget section */

/* Begin PBXProject section */
		177DCF82251CCE0E00EEC9BF /* Project object */ = {
			isa = PBXProject;
			attributes = {
				LastSwiftUpdateCheck = 1170;
				LastUpgradeCheck = 1200;
				ORGANIZATIONNAME = "Chloe Fermanis";
				TargetAttributes = {
					177DCF89251CCE0E00EEC9BF = {
						CreatedOnToolsVersion = 11.7;
					};
				};
			};
			buildConfigurationList = 177DCF85251CCE0E00EEC9BF /* Build configuration list for PBXProject "HotProspects" */;
			compatibilityVersion = "Xcode 9.3";
			developmentRegion = en;
			hasScannedForEncodings = 0;
			knownRegions = (
				en,
				Base,
			);
			mainGroup = 177DCF81251CCE0E00EEC9BF;
			packageReferences = (
				17BA5C092520577300F264CB /* XCRemoteSwiftPackageReference "SamplePackage" */,
				17FE79712522FDBA007284DA /* XCRemoteSwiftPackageReference "CodeScanner" */,
			);
			productRefGroup = 177DCF8B251CCE0E00EEC9BF /* Products */;
			projectDirPath = "";
			projectRoot = "";
			targets = (
				177DCF89251CCE0E00EEC9BF /* HotProspects */,
			);
		};
/* End PBXProject section */

/* Begin PBXResourcesBuildPhase section */
		177DCF88251CCE0E00EEC9BF /* Resources */ = {
			isa = PBXResourcesBuildPhase;
			buildActionMask = 2147483647;
			files = (
				177DCF9A251CCE1600EEC9BF /* LaunchScreen.storyboard in Resources */,
				177DCF97251CCE1600EEC9BF /* Preview Assets.xcassets in Resources */,
				177DCF94251CCE1600EEC9BF /* Assets.xcassets in Resources */,
			);
			runOnlyForDeploymentPostprocessing = 0;
		};
/* End PBXResourcesBuildPhase section */

/* Begin PBXSourcesBuildPhase section */
		177DCF86251CCE0E00EEC9BF /* Sources */ = {
			isa = PBXSourcesBuildPhase;
			buildActionMask = 2147483647;
			files = (
				17E2CB722521BEC8000DA7A0 /* ProspectsView.swift in Sources */,
				17E2CB762521C477000DA7A0 /* Prospect.swift in Sources */,
				172C7B3A25286092006A8EAA /* FileManagerExtension.swift in Sources */,
				177DCF8E251CCE0E00EEC9BF /* AppDelegate.swift in Sources */,
				177DCF90251CCE0E00EEC9BF /* SceneDelegate.swift in Sources */,
				177DCF92251CCE0E00EEC9BF /* ContentView.swift in Sources */,
				17E2CB742521BED2000DA7A0 /* MeView.swift in Sources */,
			);
			runOnlyForDeploymentPostprocessing = 0;
		};
/* End PBXSourcesBuildPhase section */

/* Begin PBXVariantGroup section */
		177DCF98251CCE1600EEC9BF /* LaunchScreen.storyboard */ = {
			isa = PBXVariantGroup;
			children = (
				177DCF99251CCE1600EEC9BF /* Base */,
			);
			name = LaunchScreen.storyboard;
			sourceTree = "<group>";
		};
/* End PBXVariantGroup section */

/* Begin XCBuildConfiguration section */
		177DCF9C251CCE1600EEC9BF /* Debug */ = {
			isa = XCBuildConfiguration;
			buildSettings = {
				ALWAYS_SEARCH_USER_PATHS = NO;
				CLANG_ANALYZER_NONNULL = YES;
				CLANG_ANALYZER_NUMBER_OBJECT_CONVERSION = YES_AGGRESSIVE;
				CLANG_CXX_LANGUAGE_STANDARD = "gnu++14";
				CLANG_CXX_LIBRARY = "libc++";
				CLANG_ENABLE_MODULES = YES;
				CLANG_ENABLE_OBJC_ARC = YES;
				CLANG_ENABLE_OBJC_WEAK = YES;
				CLANG_WARN_BLOCK_CAPTURE_AUTORELEASING = YES;
				CLANG_WARN_BOOL_CONVERSION = YES;
				CLANG_WARN_COMMA = YES;
				CLANG_WARN_CONSTANT_CONVERSION = YES;
				CLANG_WARN_DEPRECATED_OBJC_IMPLEMENTATIONS = YES;
				CLANG_WARN_DIRECT_OBJC_ISA_USAGE = YES_ERROR;
				CLANG_WARN_DOCUMENTATION_COMMENTS = YES;
				CLANG_WARN_EMPTY_BODY = YES;
				CLANG_WARN_ENUM_CONVERSION = YES;
				CLANG_WARN_INFINITE_RECURSION = YES;
				CLANG_WARN_INT_CONVERSION = YES;
				CLANG_WARN_NON_LITERAL_NULL_CONVERSION = YES;
				CLANG_WARN_OBJC_IMPLICIT_RETAIN_SELF = YES;
				CLANG_WARN_OBJC_LITERAL_CONVERSION = YES;
				CLANG_WARN_OBJC_ROOT_CLASS = YES_ERROR;
				CLANG_WARN_QUOTED_INCLUDE_IN_FRAMEWORK_HEADER = YES;
				CLANG_WARN_RANGE_LOOP_ANALYSIS = YES;
				CLANG_WARN_STRICT_PROTOTYPES = YES;
				CLANG_WARN_SUSPICIOUS_MOVE = YES;
				CLANG_WARN_UNGUARDED_AVAILABILITY = YES_AGGRESSIVE;
				CLANG_WARN_UNREACHABLE_CODE = YES;
				CLANG_WARN__DUPLICATE_METHOD_MATCH = YES;
				COPY_PHASE_STRIP = NO;
				DEBUG_INFORMATION_FORMAT = dwarf;
				ENABLE_STRICT_OBJC_MSGSEND = YES;
				ENABLE_TESTABILITY = YES;
				GCC_C_LANGUAGE_STANDARD = gnu11;
				GCC_DYNAMIC_NO_PIC = NO;
				GCC_NO_COMMON_BLOCKS = YES;
				GCC_OPTIMIZATION_LEVEL = 0;
				GCC_PREPROCESSOR_DEFINITIONS = (
					"DEBUG=1",
					"$(inherited)",
				);
				GCC_WARN_64_TO_32_BIT_CONVERSION = YES;
				GCC_WARN_ABOUT_RETURN_TYPE = YES_ERROR;
				GCC_WARN_UNDECLARED_SELECTOR = YES;
				GCC_WARN_UNINITIALIZED_AUTOS = YES_AGGRESSIVE;
				GCC_WARN_UNUSED_FUNCTION = YES;
				GCC_WARN_UNUSED_VARIABLE = YES;
				IPHONEOS_DEPLOYMENT_TARGET = 13.7;
				MTL_ENABLE_DEBUG_INFO = INCLUDE_SOURCE;
				MTL_FAST_MATH = YES;
				ONLY_ACTIVE_ARCH = YES;
				SDKROOT = iphoneos;
				SWIFT_ACTIVE_COMPILATION_CONDITIONS = DEBUG;
				SWIFT_OPTIMIZATION_LEVEL = "-Onone";
			};
			name = Debug;
		};
		177DCF9D251CCE1600EEC9BF /* Release */ = {
			isa = XCBuildConfiguration;
			buildSettings = {
				ALWAYS_SEARCH_USER_PATHS = NO;
				CLANG_ANALYZER_NONNULL = YES;
				CLANG_ANALYZER_NUMBER_OBJECT_CONVERSION = YES_AGGRESSIVE;
				CLANG_CXX_LANGUAGE_STANDARD = "gnu++14";
				CLANG_CXX_LIBRARY = "libc++";
				CLANG_ENABLE_MODULES = YES;
				CLANG_ENABLE_OBJC_ARC = YES;
				CLANG_ENABLE_OBJC_WEAK = YES;
				CLANG_WARN_BLOCK_CAPTURE_AUTORELEASING = YES;
				CLANG_WARN_BOOL_CONVERSION = YES;
				CLANG_WARN_COMMA = YES;
				CLANG_WARN_CONSTANT_CONVERSION = YES;
				CLANG_WARN_DEPRECATED_OBJC_IMPLEMENTATIONS = YES;
				CLANG_WARN_DIRECT_OBJC_ISA_USAGE = YES_ERROR;
				CLANG_WARN_DOCUMENTATION_COMMENTS = YES;
				CLANG_WARN_EMPTY_BODY = YES;
				CLANG_WARN_ENUM_CONVERSION = YES;
				CLANG_WARN_INFINITE_RECURSION = YES;
				CLANG_WARN_INT_CONVERSION = YES;
				CLANG_WARN_NON_LITERAL_NULL_CONVERSION = YES;
				CLANG_WARN_OBJC_IMPLICIT_RETAIN_SELF = YES;
				CLANG_WARN_OBJC_LITERAL_CONVERSION = YES;
				CLANG_WARN_OBJC_ROOT_CLASS = YES_ERROR;
				CLANG_WARN_QUOTED_INCLUDE_IN_FRAMEWORK_HEADER = YES;
				CLANG_WARN_RANGE_LOOP_ANALYSIS = YES;
				CLANG_WARN_STRICT_PROTOTYPES = YES;
				CLANG_WARN_SUSPICIOUS_MOVE = YES;
				CLANG_WARN_UNGUARDED_AVAILABILITY = YES_AGGRESSIVE;
				CLANG_WARN_UNREACHABLE_CODE = YES;
				CLANG_WARN__DUPLICATE_METHOD_MATCH = YES;
				COPY_PHASE_STRIP = NO;
				DEBUG_INFORMATION_FORMAT = "dwarf-with-dsym";
				ENABLE_NS_ASSERTIONS = NO;
				ENABLE_STRICT_OBJC_MSGSEND = YES;
				GCC_C_LANGUAGE_STANDARD = gnu11;
				GCC_NO_COMMON_BLOCKS = YES;
				GCC_WARN_64_TO_32_BIT_CONVERSION = YES;
				GCC_WARN_ABOUT_RETURN_TYPE = YES_ERROR;
				GCC_WARN_UNDECLARED_SELECTOR = YES;
				GCC_WARN_UNINITIALIZED_AUTOS = YES_AGGRESSIVE;
				GCC_WARN_UNUSED_FUNCTION = YES;
				GCC_WARN_UNUSED_VARIABLE = YES;
				IPHONEOS_DEPLOYMENT_TARGET = 13.7;
				MTL_ENABLE_DEBUG_INFO = NO;
				MTL_FAST_MATH = YES;
				SDKROOT = iphoneos;
				SWIFT_COMPILATION_MODE = wholemodule;
				SWIFT_OPTIMIZATION_LEVEL = "-O";
				VALIDATE_PRODUCT = YES;
			};
			name = Release;
		};
		177DCF9F251CCE1600EEC9BF /* Debug */ = {
			isa = XCBuildConfiguration;
			buildSettings = {
				ASSETCATALOG_COMPILER_APPICON_NAME = AppIcon;
				CODE_SIGN_STYLE = Automatic;
				DEVELOPMENT_ASSET_PATHS = "\"HotProspects/Preview Content\"";
				DEVELOPMENT_TEAM = ZBVTD3H3K4;
				ENABLE_PREVIEWS = YES;
				INFOPLIST_FILE = HotProspects/Info.plist;
				LD_RUNPATH_SEARCH_PATHS = (
					"$(inherited)",
					"@executable_path/Frameworks",
				);
				PRODUCT_BUNDLE_IDENTIFIER = co.chloefermanis.HotProspects;
				PRODUCT_NAME = "$(TARGET_NAME)";
				SWIFT_VERSION = 5.0;
				TARGETED_DEVICE_FAMILY = "1,2";
			};
			name = Debug;
		};
		177DCFA0251CCE1600EEC9BF /* Release */ = {
			isa = XCBuildConfiguration;
			buildSettings = {
				ASSETCATALOG_COMPILER_APPICON_NAME = AppIcon;
				CODE_SIGN_STYLE = Automatic;
				DEVELOPMENT_ASSET_PATHS = "\"HotProspects/Preview Content\"";
				DEVELOPMENT_TEAM = ZBVTD3H3K4;
				ENABLE_PREVIEWS = YES;
				INFOPLIST_FILE = HotProspects/Info.plist;
				LD_RUNPATH_SEARCH_PATHS = (
					"$(inherited)",
					"@executable_path/Frameworks",
				);
				PRODUCT_BUNDLE_IDENTIFIER = co.chloefermanis.HotProspects;
				PRODUCT_NAME = "$(TARGET_NAME)";
				SWIFT_VERSION = 5.0;
				TARGETED_DEVICE_FAMILY = "1,2";
			};
			name = Release;
		};
/* End XCBuildConfiguration section */

/* Begin XCConfigurationList section */
		177DCF85251CCE0E00EEC9BF /* Build configuration list for PBXProject "HotProspects" */ = {
			isa = XCConfigurationList;
			buildConfigurations = (
				177DCF9C251CCE1600EEC9BF /* Debug */,
				177DCF9D251CCE1600EEC9BF /* Release */,
			);
			defaultConfigurationIsVisible = 0;
			defaultConfigurationName = Release;
		};
		177DCF9E251CCE1600EEC9BF /* Build configuration list for PBXNativeTarget "HotProspects" */ = {
			isa = XCConfigurationList;
			buildConfigurations = (
				177DCF9F251CCE1600EEC9BF /* Debug */,
				177DCFA0251CCE1600EEC9BF /* Release */,
			);
			defaultConfigurationIsVisible = 0;
			defaultConfigurationName = Release;
		};
/* End XCConfigurationList section */

/* Begin XCRemoteSwiftPackageReference section */
		17BA5C092520577300F264CB /* XCRemoteSwiftPackageReference "SamplePackage" */ = {
			isa = XCRemoteSwiftPackageReference;
			repositoryURL = "https://github.com/twostraws/SamplePackage";
			requirement = {
				kind = upToNextMajorVersion;
				minimumVersion = 1.0.0;
			};
		};
		17FE79712522FDBA007284DA /* XCRemoteSwiftPackageReference "CodeScanner" */ = {
			isa = XCRemoteSwiftPackageReference;
			repositoryURL = "https://github.com/twostraws/CodeScanner";
			requirement = {
				kind = upToNextMajorVersion;
				minimumVersion = 1.0.6;
			};
		};
/* End XCRemoteSwiftPackageReference section */

/* Begin XCSwiftPackageProductDependency section */
		17BA5C0A2520577300F264CB /* SamplePackage */ = {
			isa = XCSwiftPackageProductDependency;
			package = 17BA5C092520577300F264CB /* XCRemoteSwiftPackageReference "SamplePackage" */;
			productName = SamplePackage;
		};
		17FE79722522FDBB007284DA /* CodeScanner */ = {
			isa = XCSwiftPackageProductDependency;
			package = 17FE79712522FDBA007284DA /* XCRemoteSwiftPackageReference "CodeScanner" */;
			productName = CodeScanner;
		};
/* End XCSwiftPackageProductDependency section */
	};
	rootObject = 177DCF82251CCE0E00EEC9BF /* Project object */;
}
